// !$*UTF8*$!
{
	archiveVersion = 1;
	classes = {
	};
	objectVersion = 56;
	objects = {

/* Begin PBXBuildFile section */
		2A1B5E9828F5B31C0092A263 /* Diary+CoreDataClass.swift in Sources */ = {isa = PBXBuildFile; fileRef = 2A1B5E9628F5B31C0092A263 /* Diary+CoreDataClass.swift */; };
		2A1B5E9928F5B31C0092A263 /* Diary+CoreDataProperties.swift in Sources */ = {isa = PBXBuildFile; fileRef = 2A1B5E9728F5B31C0092A263 /* Diary+CoreDataProperties.swift */; };
		2A1B5EA528FEE71D0092A263 /* AddDiaryView.swift in Sources */ = {isa = PBXBuildFile; fileRef = 2A1B5EA428FEE71D0092A263 /* AddDiaryView.swift */; };
		2AE1530028E7340600529F6A /* _min_Diary_for_iOSApp.swift in Sources */ = {isa = PBXBuildFile; fileRef = 2AE152FF28E7340600529F6A /* _min_Diary_for_iOSApp.swift */; };
		2AE1530228E7340600529F6A /* ContentView.swift in Sources */ = {isa = PBXBuildFile; fileRef = 2AE1530128E7340600529F6A /* ContentView.swift */; };
		2AE1530428E7340700529F6A /* Assets.xcassets in Resources */ = {isa = PBXBuildFile; fileRef = 2AE1530328E7340700529F6A /* Assets.xcassets */; };
		2AE1530728E7340700529F6A /* Preview Assets.xcassets in Resources */ = {isa = PBXBuildFile; fileRef = 2AE1530628E7340700529F6A /* Preview Assets.xcassets */; };
		2AE1530928E7340700529F6A /* Persistence.swift in Sources */ = {isa = PBXBuildFile; fileRef = 2AE1530828E7340700529F6A /* Persistence.swift */; };
		2AE1530C28E7340700529F6A /* _min_Diary_for_iOS.xcdatamodeld in Sources */ = {isa = PBXBuildFile; fileRef = 2AE1530A28E7340700529F6A /* _min_Diary_for_iOS.xcdatamodeld */; };
/* End PBXBuildFile section */

/* Begin PBXFileReference section */
		2A1B5E9628F5B31C0092A263 /* Diary+CoreDataClass.swift */ = {isa = PBXFileReference; lastKnownFileType = sourcecode.swift; path = "Diary+CoreDataClass.swift"; sourceTree = "<group>"; };
		2A1B5E9728F5B31C0092A263 /* Diary+CoreDataProperties.swift */ = {isa = PBXFileReference; lastKnownFileType = sourcecode.swift; path = "Diary+CoreDataProperties.swift"; sourceTree = "<group>"; };
		2A1B5EA428FEE71D0092A263 /* AddDiaryView.swift */ = {isa = PBXFileReference; lastKnownFileType = sourcecode.swift; path = AddDiaryView.swift; sourceTree = "<group>"; };
		2AE152FC28E7340600529F6A /* 5min_Diary_for_iOS.app */ = {isa = PBXFileReference; explicitFileType = wrapper.application; includeInIndex = 0; path = 5min_Diary_for_iOS.app; sourceTree = BUILT_PRODUCTS_DIR; };
		2AE152FF28E7340600529F6A /* _min_Diary_for_iOSApp.swift */ = {isa = PBXFileReference; lastKnownFileType = sourcecode.swift; path = _min_Diary_for_iOSApp.swift; sourceTree = "<group>"; };
		2AE1530128E7340600529F6A /* ContentView.swift */ = {isa = PBXFileReference; lastKnownFileType = sourcecode.swift; path = ContentView.swift; sourceTree = "<group>"; };
		2AE1530328E7340700529F6A /* Assets.xcassets */ = {isa = PBXFileReference; lastKnownFileType = folder.assetcatalog; path = Assets.xcassets; sourceTree = "<group>"; };
		2AE1530628E7340700529F6A /* Preview Assets.xcassets */ = {isa = PBXFileReference; lastKnownFileType = folder.assetcatalog; path = "Preview Assets.xcassets"; sourceTree = "<group>"; };
		2AE1530828E7340700529F6A /* Persistence.swift */ = {isa = PBXFileReference; lastKnownFileType = sourcecode.swift; path = Persistence.swift; sourceTree = "<group>"; };
		2AE1530B28E7340700529F6A /* _min_Diary_for_iOS.xcdatamodel */ = {isa = PBXFileReference; lastKnownFileType = wrapper.xcdatamodel; path = _min_Diary_for_iOS.xcdatamodel; sourceTree = "<group>"; };
/* End PBXFileReference section */

/* Begin PBXFrameworksBuildPhase section */
		2AE152F928E7340600529F6A /* Frameworks */ = {
			isa = PBXFrameworksBuildPhase;
			buildActionMask = 2147483647;
			files = (
			);
			runOnlyForDeploymentPostprocessing = 0;
		};
/* End PBXFrameworksBuildPhase section */

/* Begin PBXGroup section */
		2A1B5E9228EEFD4D0092A263 /* Views */ = {
			isa = PBXGroup;
			children = (
				2AE1530128E7340600529F6A /* ContentView.swift */,
				2A1B5EA428FEE71D0092A263 /* AddDiaryView.swift */,
			);
			path = Views;
			sourceTree = "<group>";
		};
		2A1B5E9328EEFD990092A263 /* Model */ = {
			isa = PBXGroup;
			children = (
			);
			path = Model;
			sourceTree = "<group>";
		};
		2A1B5E9428F59B4B0092A263 /* Resources */ = {
			isa = PBXGroup;
			children = (
				2AE1530328E7340700529F6A /* Assets.xcassets */,
			);
			path = Resources;
			sourceTree = "<group>";
		};
		2A1B5E9528F5A9A10092A263 /* Data */ = {
			isa = PBXGroup;
			children = (
				2A1B5E9628F5B31C0092A263 /* Diary+CoreDataClass.swift */,
				2A1B5E9728F5B31C0092A263 /* Diary+CoreDataProperties.swift */,
				2AE1530A28E7340700529F6A /* _min_Diary_for_iOS.xcdatamodeld */,
				2AE1530828E7340700529F6A /* Persistence.swift */,
			);
			path = Data;
			sourceTree = "<group>";
		};
		2AE152F328E7340600529F6A = {
			isa = PBXGroup;
			children = (
				2AE152FE28E7340600529F6A /* 5min_Diary_for_iOS */,
				2AE152FD28E7340600529F6A /* Products */,
			);
			sourceTree = "<group>";
		};
		2AE152FD28E7340600529F6A /* Products */ = {
			isa = PBXGroup;
			children = (
				2AE152FC28E7340600529F6A /* 5min_Diary_for_iOS.app */,
			);
			name = Products;
			sourceTree = "<group>";
		};
		2AE152FE28E7340600529F6A /* 5min_Diary_for_iOS */ = {
			isa = PBXGroup;
			children = (
				2AE152FF28E7340600529F6A /* _min_Diary_for_iOSApp.swift */,
				2A1B5E9328EEFD990092A263 /* Model */,
				2A1B5E9228EEFD4D0092A263 /* Views */,
				2A1B5E9528F5A9A10092A263 /* Data */,
				2A1B5E9428F59B4B0092A263 /* Resources */,
				2AE1530528E7340700529F6A /* Preview Content */,
			);
			path = 5min_Diary_for_iOS;
			sourceTree = "<group>";
		};
		2AE1530528E7340700529F6A /* Preview Content */ = {
			isa = PBXGroup;
			children = (
				2AE1530628E7340700529F6A /* Preview Assets.xcassets */,
			);
			path = "Preview Content";
			sourceTree = "<group>";
		};
/* End PBXGroup section */

/* Begin PBXNativeTarget section */
		2AE152FB28E7340600529F6A /* 5min_Diary_for_iOS */ = {
			isa = PBXNativeTarget;
			buildConfigurationList = 2AE1530F28E7340700529F6A /* Build configuration list for PBXNativeTarget "5min_Diary_for_iOS" */;
			buildPhases = (
				2AE152F828E7340600529F6A /* Sources */,
				2AE152F928E7340600529F6A /* Frameworks */,
				2AE152FA28E7340600529F6A /* Resources */,
			);
			buildRules = (
			);
			dependencies = (
			);
			name = 5min_Diary_for_iOS;
			productName = 5min_Diary_for_iOS;
			productReference = 2AE152FC28E7340600529F6A /* 5min_Diary_for_iOS.app */;
			productType = "com.apple.product-type.application";
		};
/* End PBXNativeTarget section */

/* Begin PBXProject section */
		2AE152F428E7340600529F6A /* Project object */ = {
			isa = PBXProject;
			attributes = {
				BuildIndependentTargetsInParallel = 1;
				LastSwiftUpdateCheck = 1400;
				LastUpgradeCheck = 1400;
				TargetAttributes = {
					2AE152FB28E7340600529F6A = {
						CreatedOnToolsVersion = 14.0.1;
					};
				};
			};
			buildConfigurationList = 2AE152F728E7340600529F6A /* Build configuration list for PBXProject "5min_Diary_for_iOS" */;
			compatibilityVersion = "Xcode 14.0";
			developmentRegion = en;
			hasScannedForEncodings = 0;
			knownRegions = (
				en,
				Base,
			);
			mainGroup = 2AE152F328E7340600529F6A;
			productRefGroup = 2AE152FD28E7340600529F6A /* Products */;
			projectDirPath = "";
			projectRoot = "";
			targets = (
				2AE152FB28E7340600529F6A /* 5min_Diary_for_iOS */,
			);
		};
/* End PBXProject section */

/* Begin PBXResourcesBuildPhase section */
		2AE152FA28E7340600529F6A /* Resources */ = {
			isa = PBXResourcesBuildPhase;
			buildActionMask = 2147483647;
			files = (
				2AE1530728E7340700529F6A /* Preview Assets.xcassets in Resources */,
				2AE1530428E7340700529F6A /* Assets.xcassets in Resources */,
			);
			runOnlyForDeploymentPostprocessing = 0;
		};
/* End PBXResourcesBuildPhase section */

/* Begin PBXSourcesBuildPhase section */
		2AE152F828E7340600529F6A /* Sources */ = {
			isa = PBXSourcesBuildPhase;
			buildActionMask = 2147483647;
			files = (
				2AE1530928E7340700529F6A /* Persistence.swift in Sources */,
				2AE1530228E7340600529F6A /* ContentView.swift in Sources */,
				2AE1530C28E7340700529F6A /* _min_Diary_for_iOS.xcdatamodeld in Sources */,
				2A1B5EA528FEE71D0092A263 /* AddDiaryView.swift in Sources */,
				2A1B5E9928F5B31C0092A263 /* Diary+CoreDataProperties.swift in Sources */,
				2A1B5E9828F5B31C0092A263 /* Diary+CoreDataClass.swift in Sources */,
				2AE1530028E7340600529F6A /* _min_Diary_for_iOSApp.swift in Sources */,
			);
			runOnlyForDeploymentPostprocessing = 0;
		};
/* End PBXSourcesBuildPhase section */

/* Begin XCBuildConfiguration section */
		2AE1530D28E7340700529F6A /* Debug */ = {
			isa = XCBuildConfiguration;
			buildSettings = {
				ALWAYS_SEARCH_USER_PATHS = NO;
				CLANG_ANALYZER_NONNULL = YES;
				CLANG_ANALYZER_NUMBER_OBJECT_CONVERSION = YES_AGGRESSIVE;
				CLANG_CXX_LANGUAGE_STANDARD = "gnu++20";
				CLANG_ENABLE_MODULES = YES;
				CLANG_ENABLE_OBJC_ARC = YES;
				CLANG_ENABLE_OBJC_WEAK = YES;
				CLANG_WARN_BLOCK_CAPTURE_AUTORELEASING = YES;
				CLANG_WARN_BOOL_CONVERSION = YES;
				CLANG_WARN_COMMA = YES;
				CLANG_WARN_CONSTANT_CONVERSION = YES;
				CLANG_WARN_DEPRECATED_OBJC_IMPLEMENTATIONS = YES;
				CLANG_WARN_DIRECT_OBJC_ISA_USAGE = YES_ERROR;
				CLANG_WARN_DOCUMENTATION_COMMENTS = YES;
				CLANG_WARN_EMPTY_BODY = YES;
				CLANG_WARN_ENUM_CONVERSION = YES;
				CLANG_WARN_INFINITE_RECURSION = YES;
				CLANG_WARN_INT_CONVERSION = YES;
				CLANG_WARN_NON_LITERAL_NULL_CONVERSION = YES;
				CLANG_WARN_OBJC_IMPLICIT_RETAIN_SELF = YES;
				CLANG_WARN_OBJC_LITERAL_CONVERSION = YES;
				CLANG_WARN_OBJC_ROOT_CLASS = YES_ERROR;
				CLANG_WARN_QUOTED_INCLUDE_IN_FRAMEWORK_HEADER = YES;
				CLANG_WARN_RANGE_LOOP_ANALYSIS = YES;
				CLANG_WARN_STRICT_PROTOTYPES = YES;
				CLANG_WARN_SUSPICIOUS_MOVE = YES;
				CLANG_WARN_UNGUARDED_AVAILABILITY = YES_AGGRESSIVE;
				CLANG_WARN_UNREACHABLE_CODE = YES;
				CLANG_WARN__DUPLICATE_METHOD_MATCH = YES;
				COPY_PHASE_STRIP = NO;
				DEBUG_INFORMATION_FORMAT = dwarf;
				ENABLE_STRICT_OBJC_MSGSEND = YES;
				ENABLE_TESTABILITY = YES;
				GCC_C_LANGUAGE_STANDARD = gnu11;
				GCC_DYNAMIC_NO_PIC = NO;
				GCC_NO_COMMON_BLOCKS = YES;
				GCC_OPTIMIZATION_LEVEL = 0;
				GCC_PREPROCESSOR_DEFINITIONS = (
					"DEBUG=1",
					"$(inherited)",
				);
				GCC_WARN_64_TO_32_BIT_CONVERSION = YES;
				GCC_WARN_ABOUT_RETURN_TYPE = YES_ERROR;
				GCC_WARN_UNDECLARED_SELECTOR = YES;
				GCC_WARN_UNINITIALIZED_AUTOS = YES_AGGRESSIVE;
				GCC_WARN_UNUSED_FUNCTION = YES;
				GCC_WARN_UNUSED_VARIABLE = YES;
				IPHONEOS_DEPLOYMENT_TARGET = 15.6;
				MTL_ENABLE_DEBUG_INFO = INCLUDE_SOURCE;
				MTL_FAST_MATH = YES;
				ONLY_ACTIVE_ARCH = YES;
				SDKROOT = iphoneos;
				SWIFT_ACTIVE_COMPILATION_CONDITIONS = DEBUG;
				SWIFT_OPTIMIZATION_LEVEL = "-Onone";
			};
			name = Debug;
		};
		2AE1530E28E7340700529F6A /* Release */ = {
			isa = XCBuildConfiguration;
			buildSettings = {
				ALWAYS_SEARCH_USER_PATHS = NO;
				CLANG_ANALYZER_NONNULL = YES;
				CLANG_ANALYZER_NUMBER_OBJECT_CONVERSION = YES_AGGRESSIVE;
				CLANG_CXX_LANGUAGE_STANDARD = "gnu++20";
				CLANG_ENABLE_MODULES = YES;
				CLANG_ENABLE_OBJC_ARC = YES;
				CLANG_ENABLE_OBJC_WEAK = YES;
				CLANG_WARN_BLOCK_CAPTURE_AUTORELEASING = YES;
				CLANG_WARN_BOOL_CONVERSION = YES;
				CLANG_WARN_COMMA = YES;
				CLANG_WARN_CONSTANT_CONVERSION = YES;
				CLANG_WARN_DEPRECATED_OBJC_IMPLEMENTATIONS = YES;
				CLANG_WARN_DIRECT_OBJC_ISA_USAGE = YES_ERROR;
				CLANG_WARN_DOCUMENTATION_COMMENTS = YES;
				CLANG_WARN_EMPTY_BODY = YES;
				CLANG_WARN_ENUM_CONVERSION = YES;
				CLANG_WARN_INFINITE_RECURSION = YES;
				CLANG_WARN_INT_CONVERSION = YES;
				CLANG_WARN_NON_LITERAL_NULL_CONVERSION = YES;
				CLANG_WARN_OBJC_IMPLICIT_RETAIN_SELF = YES;
				CLANG_WARN_OBJC_LITERAL_CONVERSION = YES;
				CLANG_WARN_OBJC_ROOT_CLASS = YES_ERROR;
				CLANG_WARN_QUOTED_INCLUDE_IN_FRAMEWORK_HEADER = YES;
				CLANG_WARN_RANGE_LOOP_ANALYSIS = YES;
				CLANG_WARN_STRICT_PROTOTYPES = YES;
				CLANG_WARN_SUSPICIOUS_MOVE = YES;
				CLANG_WARN_UNGUARDED_AVAILABILITY = YES_AGGRESSIVE;
				CLANG_WARN_UNREACHABLE_CODE = YES;
				CLANG_WARN__DUPLICATE_METHOD_MATCH = YES;
				COPY_PHASE_STRIP = NO;
				DEBUG_INFORMATION_FORMAT = "dwarf-with-dsym";
				ENABLE_NS_ASSERTIONS = NO;
				ENABLE_STRICT_OBJC_MSGSEND = YES;
				GCC_C_LANGUAGE_STANDARD = gnu11;
				GCC_NO_COMMON_BLOCKS = YES;
				GCC_WARN_64_TO_32_BIT_CONVERSION = YES;
				GCC_WARN_ABOUT_RETURN_TYPE = YES_ERROR;
				GCC_WARN_UNDECLARED_SELECTOR = YES;
				GCC_WARN_UNINITIALIZED_AUTOS = YES_AGGRESSIVE;
				GCC_WARN_UNUSED_FUNCTION = YES;
				GCC_WARN_UNUSED_VARIABLE = YES;
				IPHONEOS_DEPLOYMENT_TARGET = 15.6;
				MTL_ENABLE_DEBUG_INFO = NO;
				MTL_FAST_MATH = YES;
				SDKROOT = iphoneos;
				SWIFT_COMPILATION_MODE = wholemodule;
				SWIFT_OPTIMIZATION_LEVEL = "-O";
				VALIDATE_PRODUCT = YES;
			};
			name = Release;
		};
		2AE1531028E7340700529F6A /* Debug */ = {
			isa = XCBuildConfiguration;
			buildSettings = {
				ASSETCATALOG_COMPILER_APPICON_NAME = AppIcon;
				ASSETCATALOG_COMPILER_GLOBAL_ACCENT_COLOR_NAME = AccentColor;
				CODE_SIGN_STYLE = Automatic;
				CURRENT_PROJECT_VERSION = 1;
				DEVELOPMENT_ASSET_PATHS = "\"5min_Diary_for_iOS/Preview Content\"";
				ENABLE_PREVIEWS = YES;
				GENERATE_INFOPLIST_FILE = YES;
				INFOPLIST_KEY_UIApplicationSceneManifest_Generation = YES;
				INFOPLIST_KEY_UIApplicationSupportsIndirectInputEvents = YES;
				INFOPLIST_KEY_UILaunchScreen_Generation = YES;
				INFOPLIST_KEY_UISupportedInterfaceOrientations_iPad = "UIInterfaceOrientationPortrait UIInterfaceOrientationPortraitUpsideDown UIInterfaceOrientationLandscapeLeft UIInterfaceOrientationLandscapeRight";
				INFOPLIST_KEY_UISupportedInterfaceOrientations_iPhone = "UIInterfaceOrientationPortrait UIInterfaceOrientationLandscapeLeft UIInterfaceOrientationLandscapeRight";
				LD_RUNPATH_SEARCH_PATHS = (
					"$(inherited)",
					"@executable_path/Frameworks",
				);
				MARKETING_VERSION = 1.0;
				PRODUCT_BUNDLE_IDENTIFIER = "com.5min-Diary.-min-Diary-for-iOS";
				PRODUCT_NAME = "$(TARGET_NAME)";
				SWIFT_EMIT_LOC_STRINGS = YES;
				SWIFT_VERSION = 5.0;
				TARGETED_DEVICE_FAMILY = "1,2";
			};
			name = Debug;
		};
		2AE1531128E7340700529F6A /* Release */ = {
			isa = XCBuildConfiguration;
			buildSettings = {
				ASSETCATALOG_COMPILER_APPICON_NAME = AppIcon;
				ASSETCATALOG_COMPILER_GLOBAL_ACCENT_COLOR_NAME = AccentColor;
				CODE_SIGN_STYLE = Automatic;
				CURRENT_PROJECT_VERSION = 1;
				DEVELOPMENT_ASSET_PATHS = "\"5min_Diary_for_iOS/Preview Content\"";
				ENABLE_PREVIEWS = YES;
				GENERATE_INFOPLIST_FILE = YES;
				INFOPLIST_KEY_UIApplicationSceneManifest_Generation = YES;
				INFOPLIST_KEY_UIApplicationSupportsIndirectInputEvents = YES;
				INFOPLIST_KEY_UILaunchScreen_Generation = YES;
				INFOPLIST_KEY_UISupportedInterfaceOrientations_iPad = "UIInterfaceOrientationPortrait UIInterfaceOrientationPortraitUpsideDown UIInterfaceOrientationLandscapeLeft UIInterfaceOrientationLandscapeRight";
				INFOPLIST_KEY_UISupportedInterfaceOrientations_iPhone = "UIInterfaceOrientationPortrait UIInterfaceOrientationLandscapeLeft UIInterfaceOrientationLandscapeRight";
				LD_RUNPATH_SEARCH_PATHS = (
					"$(inherited)",
					"@executable_path/Frameworks",
				);
				MARKETING_VERSION = 1.0;
				PRODUCT_BUNDLE_IDENTIFIER = "com.5min-Diary.-min-Diary-for-iOS";
				PRODUCT_NAME = "$(TARGET_NAME)";
				SWIFT_EMIT_LOC_STRINGS = YES;
				SWIFT_VERSION = 5.0;
				TARGETED_DEVICE_FAMILY = "1,2";
			};
			name = Release;
		};
/* End XCBuildConfiguration section */

/* Begin XCConfigurationList section */
		2AE152F728E7340600529F6A /* Build configuration list for PBXProject "5min_Diary_for_iOS" */ = {
			isa = XCConfigurationList;
			buildConfigurations = (
				2AE1530D28E7340700529F6A /* Debug */,
				2AE1530E28E7340700529F6A /* Release */,
			);
			defaultConfigurationIsVisible = 0;
			defaultConfigurationName = Release;
		};
		2AE1530F28E7340700529F6A /* Build configuration list for PBXNativeTarget "5min_Diary_for_iOS" */ = {
			isa = XCConfigurationList;
			buildConfigurations = (
				2AE1531028E7340700529F6A /* Debug */,
				2AE1531128E7340700529F6A /* Release */,
			);
			defaultConfigurationIsVisible = 0;
			defaultConfigurationName = Release;
		};
/* End XCConfigurationList section */

/* Begin XCVersionGroup section */
		2AE1530A28E7340700529F6A /* _min_Diary_for_iOS.xcdatamodeld */ = {
			isa = XCVersionGroup;
			children = (
				2AE1530B28E7340700529F6A /* _min_Diary_for_iOS.xcdatamodel */,
			);
			currentVersion = 2AE1530B28E7340700529F6A /* _min_Diary_for_iOS.xcdatamodel */;
			path = _min_Diary_for_iOS.xcdatamodeld;
			sourceTree = "<group>";
			versionGroupType = wrapper.xcdatamodel;
		};
/* End XCVersionGroup section */
	};
	rootObject = 2AE152F428E7340600529F6A /* Project object */;
}
